// !$*UTF8*$!
{
	archiveVersion = 1;
	classes = {
	};
	objectVersion = 46;
	objects = {

/* Begin PBXBuildFile section */
		852819151CBEEBE200D21EE5 /* AppDelegate.swift in Sources */ = {isa = PBXBuildFile; fileRef = 852819141CBEEBE200D21EE5 /* AppDelegate.swift */; };
		852819171CBEEBE200D21EE5 /* ViewController.swift in Sources */ = {isa = PBXBuildFile; fileRef = 852819161CBEEBE200D21EE5 /* ViewController.swift */; };
		8528191A1CBEEBE200D21EE5 /* Main.storyboard in Resources */ = {isa = PBXBuildFile; fileRef = 852819181CBEEBE200D21EE5 /* Main.storyboard */; };
		8528191C1CBEEBE200D21EE5 /* Assets.xcassets in Resources */ = {isa = PBXBuildFile; fileRef = 8528191B1CBEEBE200D21EE5 /* Assets.xcassets */; };
		8528191F1CBEEBE200D21EE5 /* LaunchScreen.storyboard in Resources */ = {isa = PBXBuildFile; fileRef = 8528191D1CBEEBE200D21EE5 /* LaunchScreen.storyboard */; };
		8528192A1CBEEBE200D21EE5 /* Lab1Tests.swift in Sources */ = {isa = PBXBuildFile; fileRef = 852819291CBEEBE200D21EE5 /* Lab1Tests.swift */; };
		852819351CBEEBE200D21EE5 /* Lab1UITests.swift in Sources */ = {isa = PBXBuildFile; fileRef = 852819341CBEEBE200D21EE5 /* Lab1UITests.swift */; };
		85F008661CC5491D007844A8 /* PlayersTableViewController.swift in Sources */ = {isa = PBXBuildFile; fileRef = 85F008651CC5491D007844A8 /* PlayersTableViewController.swift */; };
		85F008681CC54B34007844A8 /* Player.swift in Sources */ = {isa = PBXBuildFile; fileRef = 85F008671CC54B34007844A8 /* Player.swift */; };
		85F0086A1CC54BAD007844A8 /* SampleData.swift in Sources */ = {isa = PBXBuildFile; fileRef = 85F008691CC54BAD007844A8 /* SampleData.swift */; };
/* End PBXBuildFile section */

/* Begin PBXContainerItemProxy section */
		852819261CBEEBE200D21EE5 /* PBXContainerItemProxy */ = {
			isa = PBXContainerItemProxy;
			containerPortal = 852819091CBEEBE100D21EE5 /* Project object */;
			proxyType = 1;
			remoteGlobalIDString = 852819101CBEEBE100D21EE5;
			remoteInfo = Lab1;
		};
		852819311CBEEBE200D21EE5 /* PBXContainerItemProxy */ = {
			isa = PBXContainerItemProxy;
			containerPortal = 852819091CBEEBE100D21EE5 /* Project object */;
			proxyType = 1;
			remoteGlobalIDString = 852819101CBEEBE100D21EE5;
			remoteInfo = Lab1;
		};
/* End PBXContainerItemProxy section */

/* Begin PBXFileReference section */
		852819111CBEEBE100D21EE5 /* Lab1.app */ = {isa = PBXFileReference; explicitFileType = wrapper.application; includeInIndex = 0; path = Lab1.app; sourceTree = BUILT_PRODUCTS_DIR; };
		852819141CBEEBE200D21EE5 /* AppDelegate.swift */ = {isa = PBXFileReference; lastKnownFileType = sourcecode.swift; path = AppDelegate.swift; sourceTree = "<group>"; };
		852819161CBEEBE200D21EE5 /* ViewController.swift */ = {isa = PBXFileReference; lastKnownFileType = sourcecode.swift; path = ViewController.swift; sourceTree = "<group>"; };
		852819191CBEEBE200D21EE5 /* Base */ = {isa = PBXFileReference; lastKnownFileType = file.storyboard; name = Base; path = Base.lproj/Main.storyboard; sourceTree = "<group>"; };
		8528191B1CBEEBE200D21EE5 /* Assets.xcassets */ = {isa = PBXFileReference; lastKnownFileType = folder.assetcatalog; path = Assets.xcassets; sourceTree = "<group>"; };
		8528191E1CBEEBE200D21EE5 /* Base */ = {isa = PBXFileReference; lastKnownFileType = file.storyboard; name = Base; path = Base.lproj/LaunchScreen.storyboard; sourceTree = "<group>"; };
		852819201CBEEBE200D21EE5 /* Info.plist */ = {isa = PBXFileReference; lastKnownFileType = text.plist.xml; path = Info.plist; sourceTree = "<group>"; };
		852819251CBEEBE200D21EE5 /* Lab1Tests.xctest */ = {isa = PBXFileReference; explicitFileType = wrapper.cfbundle; includeInIndex = 0; path = Lab1Tests.xctest; sourceTree = BUILT_PRODUCTS_DIR; };
		852819291CBEEBE200D21EE5 /* Lab1Tests.swift */ = {isa = PBXFileReference; lastKnownFileType = sourcecode.swift; path = Lab1Tests.swift; sourceTree = "<group>"; };
		8528192B1CBEEBE200D21EE5 /* Info.plist */ = {isa = PBXFileReference; lastKnownFileType = text.plist.xml; path = Info.plist; sourceTree = "<group>"; };
		852819301CBEEBE200D21EE5 /* Lab1UITests.xctest */ = {isa = PBXFileReference; explicitFileType = wrapper.cfbundle; includeInIndex = 0; path = Lab1UITests.xctest; sourceTree = BUILT_PRODUCTS_DIR; };
		852819341CBEEBE200D21EE5 /* Lab1UITests.swift */ = {isa = PBXFileReference; lastKnownFileType = sourcecode.swift; path = Lab1UITests.swift; sourceTree = "<group>"; };
		852819361CBEEBE200D21EE5 /* Info.plist */ = {isa = PBXFileReference; lastKnownFileType = text.plist.xml; path = Info.plist; sourceTree = "<group>"; };
		85F008651CC5491D007844A8 /* PlayersTableViewController.swift */ = {isa = PBXFileReference; fileEncoding = 4; lastKnownFileType = sourcecode.swift; path = PlayersTableViewController.swift; sourceTree = "<group>"; };
		85F008671CC54B34007844A8 /* Player.swift */ = {isa = PBXFileReference; fileEncoding = 4; lastKnownFileType = sourcecode.swift; path = Player.swift; sourceTree = "<group>"; };
		85F008691CC54BAD007844A8 /* SampleData.swift */ = {isa = PBXFileReference; fileEncoding = 4; lastKnownFileType = sourcecode.swift; path = SampleData.swift; sourceTree = "<group>"; };
/* End PBXFileReference section */

/* Begin PBXFrameworksBuildPhase section */
		8528190E1CBEEBE100D21EE5 /* Frameworks */ = {
			isa = PBXFrameworksBuildPhase;
			buildActionMask = 2147483647;
			files = (
			);
			runOnlyForDeploymentPostprocessing = 0;
		};
		852819221CBEEBE200D21EE5 /* Frameworks */ = {
			isa = PBXFrameworksBuildPhase;
			buildActionMask = 2147483647;
			files = (
			);
			runOnlyForDeploymentPostprocessing = 0;
		};
		8528192D1CBEEBE200D21EE5 /* Frameworks */ = {
			isa = PBXFrameworksBuildPhase;
			buildActionMask = 2147483647;
			files = (
			);
			runOnlyForDeploymentPostprocessing = 0;
		};
/* End PBXFrameworksBuildPhase section */

/* Begin PBXGroup section */
		852819081CBEEBE100D21EE5 = {
			isa = PBXGroup;
			children = (
				852819131CBEEBE100D21EE5 /* Lab1 */,
				852819281CBEEBE200D21EE5 /* Lab1Tests */,
				852819331CBEEBE200D21EE5 /* Lab1UITests */,
				852819121CBEEBE100D21EE5 /* Products */,
			);
			sourceTree = "<group>";
		};
		852819121CBEEBE100D21EE5 /* Products */ = {
			isa = PBXGroup;
			children = (
				852819111CBEEBE100D21EE5 /* Lab1.app */,
				852819251CBEEBE200D21EE5 /* Lab1Tests.xctest */,
				852819301CBEEBE200D21EE5 /* Lab1UITests.xctest */,
			);
			name = Products;
			sourceTree = "<group>";
		};
		852819131CBEEBE100D21EE5 /* Lab1 */ = {
			isa = PBXGroup;
			children = (
				852819141CBEEBE200D21EE5 /* AppDelegate.swift */,
				852819161CBEEBE200D21EE5 /* ViewController.swift */,
				852819181CBEEBE200D21EE5 /* Main.storyboard */,
				85F008671CC54B34007844A8 /* Player.swift */,
				85F008691CC54BAD007844A8 /* SampleData.swift */,
				85F008651CC5491D007844A8 /* PlayersTableViewController.swift */,
				8528191B1CBEEBE200D21EE5 /* Assets.xcassets */,
				8528191D1CBEEBE200D21EE5 /* LaunchScreen.storyboard */,
				852819201CBEEBE200D21EE5 /* Info.plist */,
			);
			path = Lab1;
			sourceTree = "<group>";
		};
		852819281CBEEBE200D21EE5 /* Lab1Tests */ = {
			isa = PBXGroup;
			children = (
				852819291CBEEBE200D21EE5 /* Lab1Tests.swift */,
				8528192B1CBEEBE200D21EE5 /* Info.plist */,
			);
			path = Lab1Tests;
			sourceTree = "<group>";
		};
		852819331CBEEBE200D21EE5 /* Lab1UITests */ = {
			isa = PBXGroup;
			children = (
				852819341CBEEBE200D21EE5 /* Lab1UITests.swift */,
				852819361CBEEBE200D21EE5 /* Info.plist */,
			);
			path = Lab1UITests;
			sourceTree = "<group>";
		};
/* End PBXGroup section */

/* Begin PBXNativeTarget section */
		852819101CBEEBE100D21EE5 /* Lab1 */ = {
			isa = PBXNativeTarget;
			buildConfigurationList = 852819391CBEEBE200D21EE5 /* Build configuration list for PBXNativeTarget "Lab1" */;
			buildPhases = (
				8528190D1CBEEBE100D21EE5 /* Sources */,
				8528190E1CBEEBE100D21EE5 /* Frameworks */,
				8528190F1CBEEBE100D21EE5 /* Resources */,
			);
			buildRules = (
			);
			dependencies = (
			);
			name = Lab1;
			productName = Lab1;
			productReference = 852819111CBEEBE100D21EE5 /* Lab1.app */;
			productType = "com.apple.product-type.application";
		};
		852819241CBEEBE200D21EE5 /* Lab1Tests */ = {
			isa = PBXNativeTarget;
			buildConfigurationList = 8528193C1CBEEBE200D21EE5 /* Build configuration list for PBXNativeTarget "Lab1Tests" */;
			buildPhases = (
				852819211CBEEBE200D21EE5 /* Sources */,
				852819221CBEEBE200D21EE5 /* Frameworks */,
				852819231CBEEBE200D21EE5 /* Resources */,
			);
			buildRules = (
			);
			dependencies = (
				852819271CBEEBE200D21EE5 /* PBXTargetDependency */,
			);
			name = Lab1Tests;
			productName = Lab1Tests;
			productReference = 852819251CBEEBE200D21EE5 /* Lab1Tests.xctest */;
			productType = "com.apple.product-type.bundle.unit-test";
		};
		8528192F1CBEEBE200D21EE5 /* Lab1UITests */ = {
			isa = PBXNativeTarget;
			buildConfigurationList = 8528193F1CBEEBE200D21EE5 /* Build configuration list for PBXNativeTarget "Lab1UITests" */;
			buildPhases = (
				8528192C1CBEEBE200D21EE5 /* Sources */,
				8528192D1CBEEBE200D21EE5 /* Frameworks */,
				8528192E1CBEEBE200D21EE5 /* Resources */,
			);
			buildRules = (
			);
			dependencies = (
				852819321CBEEBE200D21EE5 /* PBXTargetDependency */,
			);
			name = Lab1UITests;
			productName = Lab1UITests;
			productReference = 852819301CBEEBE200D21EE5 /* Lab1UITests.xctest */;
			productType = "com.apple.product-type.bundle.ui-testing";
		};
/* End PBXNativeTarget section */

/* Begin PBXProject section */
		852819091CBEEBE100D21EE5 /* Project object */ = {
			isa = PBXProject;
			attributes = {
				LastSwiftUpdateCheck = 0730;
				LastUpgradeCheck = 0730;
				ORGANIZATIONNAME = "Jason Lu";
				TargetAttributes = {
					852819101CBEEBE100D21EE5 = {
						CreatedOnToolsVersion = 7.3;
					};
					852819241CBEEBE200D21EE5 = {
						CreatedOnToolsVersion = 7.3;
						TestTargetID = 852819101CBEEBE100D21EE5;
					};
					8528192F1CBEEBE200D21EE5 = {
						CreatedOnToolsVersion = 7.3;
						TestTargetID = 852819101CBEEBE100D21EE5;
					};
				};
			};
			buildConfigurationList = 8528190C1CBEEBE100D21EE5 /* Build configuration list for PBXProject "Lab1" */;
			compatibilityVersion = "Xcode 3.2";
			developmentRegion = English;
			hasScannedForEncodings = 0;
			knownRegions = (
				en,
				Base,
			);
			mainGroup = 852819081CBEEBE100D21EE5;
			productRefGroup = 852819121CBEEBE100D21EE5 /* Products */;
			projectDirPath = "";
			projectRoot = "";
			targets = (
				852819101CBEEBE100D21EE5 /* Lab1 */,
				852819241CBEEBE200D21EE5 /* Lab1Tests */,
				8528192F1CBEEBE200D21EE5 /* Lab1UITests */,
			);
		};
/* End PBXProject section */

/* Begin PBXResourcesBuildPhase section */
		8528190F1CBEEBE100D21EE5 /* Resources */ = {
			isa = PBXResourcesBuildPhase;
			buildActionMask = 2147483647;
			files = (
				8528191F1CBEEBE200D21EE5 /* LaunchScreen.storyboard in Resources */,
				8528191C1CBEEBE200D21EE5 /* Assets.xcassets in Resources */,
				8528191A1CBEEBE200D21EE5 /* Main.storyboard in Resources */,
			);
			runOnlyForDeploymentPostprocessing = 0;
		};
		852819231CBEEBE200D21EE5 /* Resources */ = {
			isa = PBXResourcesBuildPhase;
			buildActionMask = 2147483647;
			files = (
			);
			runOnlyForDeploymentPostprocessing = 0;
		};
		8528192E1CBEEBE200D21EE5 /* Resources */ = {
			isa = PBXResourcesBuildPhase;
			buildActionMask = 2147483647;
			files = (
			);
			runOnlyForDeploymentPostprocessing = 0;
		};
/* End PBXResourcesBuildPhase section */

/* Begin PBXSourcesBuildPhase section */
		8528190D1CBEEBE100D21EE5 /* Sources */ = {
			isa = PBXSourcesBuildPhase;
			buildActionMask = 2147483647;
			files = (
				85F008681CC54B34007844A8 /* Player.swift in Sources */,
				852819171CBEEBE200D21EE5 /* ViewController.swift in Sources */,
				852819151CBEEBE200D21EE5 /* AppDelegate.swift in Sources */,
				85F0086A1CC54BAD007844A8 /* SampleData.swift in Sources */,
				85F008661CC5491D007844A8 /* PlayersTableViewController.swift in Sources */,
			);
			runOnlyForDeploymentPostprocessing = 0;
		};
		852819211CBEEBE200D21EE5 /* Sources */ = {
			isa = PBXSourcesBuildPhase;
			buildActionMask = 2147483647;
			files = (
				8528192A1CBEEBE200D21EE5 /* Lab1Tests.swift in Sources */,
			);
			runOnlyForDeploymentPostprocessing = 0;
		};
		8528192C1CBEEBE200D21EE5 /* Sources */ = {
			isa = PBXSourcesBuildPhase;
			buildActionMask = 2147483647;
			files = (
				852819351CBEEBE200D21EE5 /* Lab1UITests.swift in Sources */,
			);
			runOnlyForDeploymentPostprocessing = 0;
		};
/* End PBXSourcesBuildPhase section */

/* Begin PBXTargetDependency section */
		852819271CBEEBE200D21EE5 /* PBXTargetDependency */ = {
			isa = PBXTargetDependency;
			target = 852819101CBEEBE100D21EE5 /* Lab1 */;
			targetProxy = 852819261CBEEBE200D21EE5 /* PBXContainerItemProxy */;
		};
		852819321CBEEBE200D21EE5 /* PBXTargetDependency */ = {
			isa = PBXTargetDependency;
			target = 852819101CBEEBE100D21EE5 /* Lab1 */;
			targetProxy = 852819311CBEEBE200D21EE5 /* PBXContainerItemProxy */;
		};
/* End PBXTargetDependency section */

/* Begin PBXVariantGroup section */
		852819181CBEEBE200D21EE5 /* Main.storyboard */ = {
			isa = PBXVariantGroup;
			children = (
				852819191CBEEBE200D21EE5 /* Base */,
			);
			name = Main.storyboard;
			sourceTree = "<group>";
		};
		8528191D1CBEEBE200D21EE5 /* LaunchScreen.storyboard */ = {
			isa = PBXVariantGroup;
			children = (
				8528191E1CBEEBE200D21EE5 /* Base */,
			);
			name = LaunchScreen.storyboard;
			sourceTree = "<group>";
		};
/* End PBXVariantGroup section */

/* Begin XCBuildConfiguration section */
		852819371CBEEBE200D21EE5 /* Debug */ = {
			isa = XCBuildConfiguration;
			buildSettings = {
				ALWAYS_SEARCH_USER_PATHS = NO;
				CLANG_ANALYZER_NONNULL = YES;
				CLANG_CXX_LANGUAGE_STANDARD = "gnu++0x";
				CLANG_CXX_LIBRARY = "libc++";
				CLANG_ENABLE_MODULES = YES;
				CLANG_ENABLE_OBJC_ARC = YES;
				CLANG_WARN_BOOL_CONVERSION = YES;
				CLANG_WARN_CONSTANT_CONVERSION = YES;
				CLANG_WARN_DIRECT_OBJC_ISA_USAGE = YES_ERROR;
				CLANG_WARN_EMPTY_BODY = YES;
				CLANG_WARN_ENUM_CONVERSION = YES;
				CLANG_WARN_INT_CONVERSION = YES;
				CLANG_WARN_OBJC_ROOT_CLASS = YES_ERROR;
				CLANG_WARN_UNREACHABLE_CODE = YES;
				CLANG_WARN__DUPLICATE_METHOD_MATCH = YES;
				"CODE_SIGN_IDENTITY[sdk=iphoneos*]" = "iPhone Developer";
				COPY_PHASE_STRIP = NO;
				DEBUG_INFORMATION_FORMAT = dwarf;
				ENABLE_STRICT_OBJC_MSGSEND = YES;
				ENABLE_TESTABILITY = YES;
				GCC_C_LANGUAGE_STANDARD = gnu99;
				GCC_DYNAMIC_NO_PIC = NO;
				GCC_NO_COMMON_BLOCKS = YES;
				GCC_OPTIMIZATION_LEVEL = 0;
				GCC_PREPROCESSOR_DEFINITIONS = (
					"DEBUG=1",
					"$(inherited)",
				);
				GCC_WARN_64_TO_32_BIT_CONVERSION = YES;
				GCC_WARN_ABOUT_RETURN_TYPE = YES_ERROR;
				GCC_WARN_UNDECLARED_SELECTOR = YES;
				GCC_WARN_UNINITIALIZED_AUTOS = YES_AGGRESSIVE;
				GCC_WARN_UNUSED_FUNCTION = YES;
				GCC_WARN_UNUSED_VARIABLE = YES;
				IPHONEOS_DEPLOYMENT_TARGET = 9.3;
				MTL_ENABLE_DEBUG_INFO = YES;
				ONLY_ACTIVE_ARCH = YES;
				SDKROOT = iphoneos;
				SWIFT_OPTIMIZATION_LEVEL = "-Onone";
				TARGETED_DEVICE_FAMILY = "1,2";
			};
			name = Debug;
		};
		852819381CBEEBE200D21EE5 /* Release */ = {
			isa = XCBuildConfiguration;
			buildSettings = {
				ALWAYS_SEARCH_USER_PATHS = NO;
				CLANG_ANALYZER_NONNULL = YES;
				CLANG_CXX_LANGUAGE_STANDARD = "gnu++0x";
				CLANG_CXX_LIBRARY = "libc++";
				CLANG_ENABLE_MODULES = YES;
				CLANG_ENABLE_OBJC_ARC = YES;
				CLANG_WARN_BOOL_CONVERSION = YES;
				CLANG_WARN_CONSTANT_CONVERSION = YES;
				CLANG_WARN_DIRECT_OBJC_ISA_USAGE = YES_ERROR;
				CLANG_WARN_EMPTY_BODY = YES;
				CLANG_WARN_ENUM_CONVERSION = YES;
				CLANG_WARN_INT_CONVERSION = YES;
				CLANG_WARN_OBJC_ROOT_CLASS = YES_ERROR;
				CLANG_WARN_UNREACHABLE_CODE = YES;
				CLANG_WARN__DUPLICATE_METHOD_MATCH = YES;
				"CODE_SIGN_IDENTITY[sdk=iphoneos*]" = "iPhone Developer";
				COPY_PHASE_STRIP = NO;
				DEBUG_INFORMATION_FORMAT = "dwarf-with-dsym";
				ENABLE_NS_ASSERTIONS = NO;
				ENABLE_STRICT_OBJC_MSGSEND = YES;
				GCC_C_LANGUAGE_STANDARD = gnu99;
				GCC_NO_COMMON_BLOCKS = YES;
				GCC_WARN_64_TO_32_BIT_CONVERSION = YES;
				GCC_WARN_ABOUT_RETURN_TYPE = YES_ERROR;
				GCC_WARN_UNDECLARED_SELECTOR = YES;
				GCC_WARN_UNINITIALIZED_AUTOS = YES_AGGRESSIVE;
				GCC_WARN_UNUSED_FUNCTION = YES;
				GCC_WARN_UNUSED_VARIABLE = YES;
				IPHONEOS_DEPLOYMENT_TARGET = 9.3;
				MTL_ENABLE_DEBUG_INFO = NO;
				SDKROOT = iphoneos;
				TARGETED_DEVICE_FAMILY = "1,2";
				VALIDATE_PRODUCT = YES;
			};
			name = Release;
		};
		8528193A1CBEEBE200D21EE5 /* Debug */ = {
			isa = XCBuildConfiguration;
			buildSettings = {
				ASSETCATALOG_COMPILER_APPICON_NAME = AppIcon;
				INFOPLIST_FILE = Lab1/Info.plist;
				LD_RUNPATH_SEARCH_PATHS = "$(inherited) @executable_path/Frameworks";
				PRODUCT_BUNDLE_IDENTIFIER = edu.ucsd.ece158b.student.Lab1;
				PRODUCT_NAME = "$(TARGET_NAME)";
			};
			name = Debug;
		};
		8528193B1CBEEBE200D21EE5 /* Release */ = {
			isa = XCBuildConfiguration;
			buildSettings = {
				ASSETCATALOG_COMPILER_APPICON_NAME = AppIcon;
				INFOPLIST_FILE = Lab1/Info.plist;
				LD_RUNPATH_SEARCH_PATHS = "$(inherited) @executable_path/Frameworks";
				PRODUCT_BUNDLE_IDENTIFIER = edu.ucsd.ece158b.student.Lab1;
				PRODUCT_NAME = "$(TARGET_NAME)";
			};
			name = Release;
		};
		8528193D1CBEEBE200D21EE5 /* Debug */ = {
			isa = XCBuildConfiguration;
			buildSettings = {
				BUNDLE_LOADER = "$(TEST_HOST)";
				INFOPLIST_FILE = Lab1Tests/Info.plist;
				LD_RUNPATH_SEARCH_PATHS = "$(inherited) @executable_path/Frameworks @loader_path/Frameworks";
				PRODUCT_BUNDLE_IDENTIFIER = edu.ucsd.ece158b.student.Lab1Tests;
				PRODUCT_NAME = "$(TARGET_NAME)";
				TEST_HOST = "$(BUILT_PRODUCTS_DIR)/Lab1.app/Lab1";
			};
			name = Debug;
		};
		8528193E1CBEEBE200D21EE5 /* Release */ = {
			isa = XCBuildConfiguration;
			buildSettings = {
				BUNDLE_LOADER = "$(TEST_HOST)";
				INFOPLIST_FILE = Lab1Tests/Info.plist;
				LD_RUNPATH_SEARCH_PATHS = "$(inherited) @executable_path/Frameworks @loader_path/Frameworks";
				PRODUCT_BUNDLE_IDENTIFIER = edu.ucsd.ece158b.student.Lab1Tests;
				PRODUCT_NAME = "$(TARGET_NAME)";
				TEST_HOST = "$(BUILT_PRODUCTS_DIR)/Lab1.app/Lab1";
			};
			name = Release;
		};
		852819401CBEEBE200D21EE5 /* Debug */ = {
			isa = XCBuildConfiguration;
			buildSettings = {
				INFOPLIST_FILE = Lab1UITests/Info.plist;
				LD_RUNPATH_SEARCH_PATHS = "$(inherited) @executable_path/Frameworks @loader_path/Frameworks";
				PRODUCT_BUNDLE_IDENTIFIER = edu.ucsd.ece158b.student.Lab1UITests;
				PRODUCT_NAME = "$(TARGET_NAME)";
				TEST_TARGET_NAME = Lab1;
			};
			name = Debug;
		};
		852819411CBEEBE200D21EE5 /* Release */ = {
			isa = XCBuildConfiguration;
			buildSettings = {
				INFOPLIST_FILE = Lab1UITests/Info.plist;
				LD_RUNPATH_SEARCH_PATHS = "$(inherited) @executable_path/Frameworks @loader_path/Frameworks";
				PRODUCT_BUNDLE_IDENTIFIER = edu.ucsd.ece158b.student.Lab1UITests;
				PRODUCT_NAME = "$(TARGET_NAME)";
				TEST_TARGET_NAME = Lab1;
			};
			name = Release;
		};
/* End XCBuildConfiguration section */

/* Begin XCConfigurationList section */
		8528190C1CBEEBE100D21EE5 /* Build configuration list for PBXProject "Lab1" */ = {
			isa = XCConfigurationList;
			buildConfigurations = (
				852819371CBEEBE200D21EE5 /* Debug */,
				852819381CBEEBE200D21EE5 /* Release */,
			);
			defaultConfigurationIsVisible = 0;
			defaultConfigurationName = Release;
		};
		852819391CBEEBE200D21EE5 /* Build configuration list for PBXNativeTarget "Lab1" */ = {
			isa = XCConfigurationList;
			buildConfigurations = (
				8528193A1CBEEBE200D21EE5 /* Debug */,
				8528193B1CBEEBE200D21EE5 /* Release */,
			);
			defaultConfigurationIsVisible = 0;
			defaultConfigurationName = Release;
		};
		8528193C1CBEEBE200D21EE5 /* Build configuration list for PBXNativeTarget "Lab1Tests" */ = {
			isa = XCConfigurationList;
			buildConfigurations = (
				8528193D1CBEEBE200D21EE5 /* Debug */,
				8528193E1CBEEBE200D21EE5 /* Release */,
			);
			defaultConfigurationIsVisible = 0;
			defaultConfigurationName = Release;
		};
		8528193F1CBEEBE200D21EE5 /* Build configuration list for PBXNativeTarget "Lab1UITests" */ = {
			isa = XCConfigurationList;
			buildConfigurations = (
				852819401CBEEBE200D21EE5 /* Debug */,
				852819411CBEEBE200D21EE5 /* Release */,
			);
			defaultConfigurationIsVisible = 0;
			defaultConfigurationName = Release;
		};
/* End XCConfigurationList section */
	};
	rootObject = 852819091CBEEBE100D21EE5 /* Project object */;
}
